
Microsoft Visual Studio Solution File, Format Version 12.00
# Visual Studio Version 16
VisualStudioVersion = 16.0.30413.136
MinimumVisualStudioVersion = 10.0.40219.1
Project("{FAE04EC0-301F-11D3-BF4B-00C04F79EFBC}") = "Vetor_02", "Vetor_02\Vetor_02.csproj", "{45B5AA54-8F67-42E7-BD55-B122681A5CC2}"
EndProject
Global
	GlobalSection(SolutionConfigurationPlatforms) = preSolution
		Debug|Any CPU = Debug|Any CPU
		Release|Any CPU = Release|Any CPU
	EndGlobalSection
	GlobalSection(ProjectConfigurationPlatforms) = postSolution
		{45B5AA54-8F67-42E7-BD55-B122681A5CC2}.Debug|Any CPU.ActiveCfg = Debug|Any CPU
		{45B5AA54-8F67-42E7-BD55-B122681A5CC2}.Debug|Any CPU.Build.0 = Debug|Any CPU
		{45B5AA54-8F67-42E7-BD55-B122681A5CC2}.Release|Any CPU.ActiveCfg = Release|Any CPU
		{45B5AA54-8F67-42E7-BD55-B122681A5CC2}.Release|Any CPU.Build.0 = Release|Any CPU
	EndGlobalSection
	GlobalSection(SolutionProperties) = preSolution
		HideSolutionNode = FALSE
	EndGlobalSection
	GlobalSection(ExtensibilityGlobals) = postSolution
		SolutionGuid = {CF35F608-19C7-4BBC-9C17-9630C6B80F92}
	EndGlobalSection
EndGlobal
