
Microsoft Visual Studio Solution File, Format Version 12.00
# Visual Studio Version 16
VisualStudioVersion = 16.0.30225.117
MinimumVisualStudioVersion = 10.0.40219.1
Project("{FAE04EC0-301F-11D3-BF4B-00C04F79EFBC}") = "Udemy_2", "Udemy_2\Udemy_2.csproj", "{DD11E9D0-0965-45B9-B3F3-918DA63C712F}"
EndProject
Global
	GlobalSection(SolutionConfigurationPlatforms) = preSolution
		Debug|Any CPU = Debug|Any CPU
		Release|Any CPU = Release|Any CPU
	EndGlobalSection
	GlobalSection(ProjectConfigurationPlatforms) = postSolution
		{DD11E9D0-0965-45B9-B3F3-918DA63C712F}.Debug|Any CPU.ActiveCfg = Debug|Any CPU
		{DD11E9D0-0965-45B9-B3F3-918DA63C712F}.Debug|Any CPU.Build.0 = Debug|Any CPU
		{DD11E9D0-0965-45B9-B3F3-918DA63C712F}.Release|Any CPU.ActiveCfg = Release|Any CPU
		{DD11E9D0-0965-45B9-B3F3-918DA63C712F}.Release|Any CPU.Build.0 = Release|Any CPU
	EndGlobalSection
	GlobalSection(SolutionProperties) = preSolution
		HideSolutionNode = FALSE
	EndGlobalSection
	GlobalSection(ExtensibilityGlobals) = postSolution
		SolutionGuid = {614181AB-948D-46FB-8914-C1A58438E0B5}
	EndGlobalSection
EndGlobal
