
Microsoft Visual Studio Solution File, Format Version 12.00
# Visual Studio Version 16
VisualStudioVersion = 16.0.30225.117
MinimumVisualStudioVersion = 10.0.40219.1
Project("{FAE04EC0-301F-11D3-BF4B-00C04F79EFBC}") = "URI_1114", "URI_1114\URI_1114.csproj", "{9D429EDA-CA30-475D-AB61-E89FBD3D606F}"
EndProject
Global
	GlobalSection(SolutionConfigurationPlatforms) = preSolution
		Debug|Any CPU = Debug|Any CPU
		Release|Any CPU = Release|Any CPU
	EndGlobalSection
	GlobalSection(ProjectConfigurationPlatforms) = postSolution
		{9D429EDA-CA30-475D-AB61-E89FBD3D606F}.Debug|Any CPU.ActiveCfg = Debug|Any CPU
		{9D429EDA-CA30-475D-AB61-E89FBD3D606F}.Debug|Any CPU.Build.0 = Debug|Any CPU
		{9D429EDA-CA30-475D-AB61-E89FBD3D606F}.Release|Any CPU.ActiveCfg = Release|Any CPU
		{9D429EDA-CA30-475D-AB61-E89FBD3D606F}.Release|Any CPU.Build.0 = Release|Any CPU
	EndGlobalSection
	GlobalSection(SolutionProperties) = preSolution
		HideSolutionNode = FALSE
	EndGlobalSection
	GlobalSection(ExtensibilityGlobals) = postSolution
		SolutionGuid = {87689B0B-6483-4536-843A-6D09F4E069D2}
	EndGlobalSection
EndGlobal
