
Microsoft Visual Studio Solution File, Format Version 12.00
# Visual Studio Version 16
VisualStudioVersion = 16.0.30225.117
MinimumVisualStudioVersion = 10.0.40219.1
Project("{FAE04EC0-301F-11D3-BF4B-00C04F79EFBC}") = "Udemy_1", "Udemy_1\Udemy_1.csproj", "{40EC0FEE-2BE0-4A96-BBD2-06EBA0720B8B}"
EndProject
Global
	GlobalSection(SolutionConfigurationPlatforms) = preSolution
		Debug|Any CPU = Debug|Any CPU
		Release|Any CPU = Release|Any CPU
	EndGlobalSection
	GlobalSection(ProjectConfigurationPlatforms) = postSolution
		{40EC0FEE-2BE0-4A96-BBD2-06EBA0720B8B}.Debug|Any CPU.ActiveCfg = Debug|Any CPU
		{40EC0FEE-2BE0-4A96-BBD2-06EBA0720B8B}.Debug|Any CPU.Build.0 = Debug|Any CPU
		{40EC0FEE-2BE0-4A96-BBD2-06EBA0720B8B}.Release|Any CPU.ActiveCfg = Release|Any CPU
		{40EC0FEE-2BE0-4A96-BBD2-06EBA0720B8B}.Release|Any CPU.Build.0 = Release|Any CPU
	EndGlobalSection
	GlobalSection(SolutionProperties) = preSolution
		HideSolutionNode = FALSE
	EndGlobalSection
	GlobalSection(ExtensibilityGlobals) = postSolution
		SolutionGuid = {8AE12F95-7415-4654-96B7-B7A220A2255A}
	EndGlobalSection
EndGlobal
