
Microsoft Visual Studio Solution File, Format Version 12.00
# Visual Studio Version 16
VisualStudioVersion = 16.0.30128.74
MinimumVisualStudioVersion = 10.0.40219.1
Project("{FAE04EC0-301F-11D3-BF4B-00C04F79EFBC}") = "Processamento dados", "Processamento dados\Processamento dados.csproj", "{098EA52B-EB87-448D-A156-5F5ADC928CD9}"
EndProject
Global
	GlobalSection(SolutionConfigurationPlatforms) = preSolution
		Debug|Any CPU = Debug|Any CPU
		Release|Any CPU = Release|Any CPU
	EndGlobalSection
	GlobalSection(ProjectConfigurationPlatforms) = postSolution
		{098EA52B-EB87-448D-A156-5F5ADC928CD9}.Debug|Any CPU.ActiveCfg = Debug|Any CPU
		{098EA52B-EB87-448D-A156-5F5ADC928CD9}.Debug|Any CPU.Build.0 = Debug|Any CPU
		{098EA52B-EB87-448D-A156-5F5ADC928CD9}.Release|Any CPU.ActiveCfg = Release|Any CPU
		{098EA52B-EB87-448D-A156-5F5ADC928CD9}.Release|Any CPU.Build.0 = Release|Any CPU
	EndGlobalSection
	GlobalSection(SolutionProperties) = preSolution
		HideSolutionNode = FALSE
	EndGlobalSection
	GlobalSection(ExtensibilityGlobals) = postSolution
		SolutionGuid = {14CEFA7E-2361-45FD-839A-03006801AEE6}
	EndGlobalSection
EndGlobal
