
Microsoft Visual Studio Solution File, Format Version 12.00
# Visual Studio Version 16
VisualStudioVersion = 16.0.30611.23
MinimumVisualStudioVersion = 10.0.40219.1
Project("{FAE04EC0-301F-11D3-BF4B-00C04F79EFBC}") = "vetor_07", "vetor_07\vetor_07.csproj", "{B3366244-638F-492E-AF51-136F5AD5A114}"
EndProject
Global
	GlobalSection(SolutionConfigurationPlatforms) = preSolution
		Debug|Any CPU = Debug|Any CPU
		Release|Any CPU = Release|Any CPU
	EndGlobalSection
	GlobalSection(ProjectConfigurationPlatforms) = postSolution
		{B3366244-638F-492E-AF51-136F5AD5A114}.Debug|Any CPU.ActiveCfg = Debug|Any CPU
		{B3366244-638F-492E-AF51-136F5AD5A114}.Debug|Any CPU.Build.0 = Debug|Any CPU
		{B3366244-638F-492E-AF51-136F5AD5A114}.Release|Any CPU.ActiveCfg = Release|Any CPU
		{B3366244-638F-492E-AF51-136F5AD5A114}.Release|Any CPU.Build.0 = Release|Any CPU
	EndGlobalSection
	GlobalSection(SolutionProperties) = preSolution
		HideSolutionNode = FALSE
	EndGlobalSection
	GlobalSection(ExtensibilityGlobals) = postSolution
		SolutionGuid = {C44EA733-6B5F-46FD-B5F4-6DA324C068D1}
	EndGlobalSection
EndGlobal
