
Microsoft Visual Studio Solution File, Format Version 12.00
# Visual Studio Version 16
VisualStudioVersion = 16.0.30128.74
MinimumVisualStudioVersion = 10.0.40219.1
Project("{FAE04EC0-301F-11D3-BF4B-00C04F79EFBC}") = "URI_1113", "URI_1113\URI_1113.csproj", "{D07E424D-5FD3-4167-BFE4-FE9A23AC80B7}"
EndProject
Global
	GlobalSection(SolutionConfigurationPlatforms) = preSolution
		Debug|Any CPU = Debug|Any CPU
		Release|Any CPU = Release|Any CPU
	EndGlobalSection
	GlobalSection(ProjectConfigurationPlatforms) = postSolution
		{D07E424D-5FD3-4167-BFE4-FE9A23AC80B7}.Debug|Any CPU.ActiveCfg = Debug|Any CPU
		{D07E424D-5FD3-4167-BFE4-FE9A23AC80B7}.Debug|Any CPU.Build.0 = Debug|Any CPU
		{D07E424D-5FD3-4167-BFE4-FE9A23AC80B7}.Release|Any CPU.ActiveCfg = Release|Any CPU
		{D07E424D-5FD3-4167-BFE4-FE9A23AC80B7}.Release|Any CPU.Build.0 = Release|Any CPU
	EndGlobalSection
	GlobalSection(SolutionProperties) = preSolution
		HideSolutionNode = FALSE
	EndGlobalSection
	GlobalSection(ExtensibilityGlobals) = postSolution
		SolutionGuid = {BE5AE6D5-7B5A-4487-97E7-8D5786E5337D}
	EndGlobalSection
EndGlobal
