
Microsoft Visual Studio Solution File, Format Version 12.00
# Visual Studio Version 16
VisualStudioVersion = 16.0.30413.136
MinimumVisualStudioVersion = 10.0.40219.1
Project("{FAE04EC0-301F-11D3-BF4B-00C04F79EFBC}") = "Vetor_1", "Vetor_1\Vetor_1.csproj", "{E2507C8E-7C54-4A1F-95CE-7ACA2F4EB0CB}"
EndProject
Global
	GlobalSection(SolutionConfigurationPlatforms) = preSolution
		Debug|Any CPU = Debug|Any CPU
		Release|Any CPU = Release|Any CPU
	EndGlobalSection
	GlobalSection(ProjectConfigurationPlatforms) = postSolution
		{E2507C8E-7C54-4A1F-95CE-7ACA2F4EB0CB}.Debug|Any CPU.ActiveCfg = Debug|Any CPU
		{E2507C8E-7C54-4A1F-95CE-7ACA2F4EB0CB}.Debug|Any CPU.Build.0 = Debug|Any CPU
		{E2507C8E-7C54-4A1F-95CE-7ACA2F4EB0CB}.Release|Any CPU.ActiveCfg = Release|Any CPU
		{E2507C8E-7C54-4A1F-95CE-7ACA2F4EB0CB}.Release|Any CPU.Build.0 = Release|Any CPU
	EndGlobalSection
	GlobalSection(SolutionProperties) = preSolution
		HideSolutionNode = FALSE
	EndGlobalSection
	GlobalSection(ExtensibilityGlobals) = postSolution
		SolutionGuid = {63C56DE6-4535-47C6-A1CD-4960513641EA}
	EndGlobalSection
EndGlobal
