
Microsoft Visual Studio Solution File, Format Version 12.00
# Visual Studio Version 16
VisualStudioVersion = 16.0.30128.74
MinimumVisualStudioVersion = 10.0.40219.1
Project("{FAE04EC0-301F-11D3-BF4B-00C04F79EFBC}") = "URI_1021", "URI_1021\URI_1021.csproj", "{78092A71-BDB2-47B1-A7A0-066B501CCF0A}"
EndProject
Global
	GlobalSection(SolutionConfigurationPlatforms) = preSolution
		Debug|Any CPU = Debug|Any CPU
		Release|Any CPU = Release|Any CPU
	EndGlobalSection
	GlobalSection(ProjectConfigurationPlatforms) = postSolution
		{78092A71-BDB2-47B1-A7A0-066B501CCF0A}.Debug|Any CPU.ActiveCfg = Debug|Any CPU
		{78092A71-BDB2-47B1-A7A0-066B501CCF0A}.Debug|Any CPU.Build.0 = Debug|Any CPU
		{78092A71-BDB2-47B1-A7A0-066B501CCF0A}.Release|Any CPU.ActiveCfg = Release|Any CPU
		{78092A71-BDB2-47B1-A7A0-066B501CCF0A}.Release|Any CPU.Build.0 = Release|Any CPU
	EndGlobalSection
	GlobalSection(SolutionProperties) = preSolution
		HideSolutionNode = FALSE
	EndGlobalSection
	GlobalSection(ExtensibilityGlobals) = postSolution
		SolutionGuid = {77E311F2-FE72-41EA-9F34-9D3CB399AA2B}
	EndGlobalSection
EndGlobal
