
Microsoft Visual Studio Solution File, Format Version 12.00
# Visual Studio Version 16
VisualStudioVersion = 16.0.30128.74
MinimumVisualStudioVersion = 10.0.40219.1
Project("{FAE04EC0-301F-11D3-BF4B-00C04F79EFBC}") = "URI_1045", "URI_1045\URI_1045.csproj", "{38B535EF-FD3B-48A4-925D-2034A2B6D1FA}"
EndProject
Global
	GlobalSection(SolutionConfigurationPlatforms) = preSolution
		Debug|Any CPU = Debug|Any CPU
		Release|Any CPU = Release|Any CPU
	EndGlobalSection
	GlobalSection(ProjectConfigurationPlatforms) = postSolution
		{38B535EF-FD3B-48A4-925D-2034A2B6D1FA}.Debug|Any CPU.ActiveCfg = Debug|Any CPU
		{38B535EF-FD3B-48A4-925D-2034A2B6D1FA}.Debug|Any CPU.Build.0 = Debug|Any CPU
		{38B535EF-FD3B-48A4-925D-2034A2B6D1FA}.Release|Any CPU.ActiveCfg = Release|Any CPU
		{38B535EF-FD3B-48A4-925D-2034A2B6D1FA}.Release|Any CPU.Build.0 = Release|Any CPU
	EndGlobalSection
	GlobalSection(SolutionProperties) = preSolution
		HideSolutionNode = FALSE
	EndGlobalSection
	GlobalSection(ExtensibilityGlobals) = postSolution
		SolutionGuid = {E6E23E49-8F4E-4CFE-B383-62EF38F9147D}
	EndGlobalSection
EndGlobal
