
Microsoft Visual Studio Solution File, Format Version 12.00
# Visual Studio Version 16
VisualStudioVersion = 16.0.30225.117
MinimumVisualStudioVersion = 10.0.40219.1
Project("{FAE04EC0-301F-11D3-BF4B-00C04F79EFBC}") = "URI_1049", "URI_1049\URI_1049.csproj", "{F6102D8B-BEF7-4122-8C98-A3D1EE75A83F}"
EndProject
Global
	GlobalSection(SolutionConfigurationPlatforms) = preSolution
		Debug|Any CPU = Debug|Any CPU
		Release|Any CPU = Release|Any CPU
	EndGlobalSection
	GlobalSection(ProjectConfigurationPlatforms) = postSolution
		{F6102D8B-BEF7-4122-8C98-A3D1EE75A83F}.Debug|Any CPU.ActiveCfg = Debug|Any CPU
		{F6102D8B-BEF7-4122-8C98-A3D1EE75A83F}.Debug|Any CPU.Build.0 = Debug|Any CPU
		{F6102D8B-BEF7-4122-8C98-A3D1EE75A83F}.Release|Any CPU.ActiveCfg = Release|Any CPU
		{F6102D8B-BEF7-4122-8C98-A3D1EE75A83F}.Release|Any CPU.Build.0 = Release|Any CPU
	EndGlobalSection
	GlobalSection(SolutionProperties) = preSolution
		HideSolutionNode = FALSE
	EndGlobalSection
	GlobalSection(ExtensibilityGlobals) = postSolution
		SolutionGuid = {22FEFCB5-E6C2-4203-B86A-DA75FD7B0FE8}
	EndGlobalSection
EndGlobal
